
Microsoft Visual Studio Solution File, Format Version 12.00
# Visual Studio Version 17
VisualStudioVersion = 17.2.32526.322
MinimumVisualStudioVersion = 10.0.40219.1
Project("{9A19103F-16F7-4668-BE54-9A1E7A4F7556}") = "AspnetCoreSPATemplate", "AspnetCoreSPA\AspnetCoreSPATemplate.csproj", "{8DB7F7FC-B546-48F6-AA69-867A683CE8EC}"
EndProject
Project("{9A19103F-16F7-4668-BE54-9A1E7A4F7556}") = "SqlServerDataAccess", "SqlServerDataAccess\SqlServerDataAccess.csproj", "{1AC58B3F-9C10-4DB7-8525-8088484CE45E}"
EndProject
Project("{9A19103F-16F7-4668-BE54-9A1E7A4F7556}") = "Common", "Common\Common.csproj", "{0C95EB4B-66A0-41AB-91AA-BC6E8DBA1A1D}"
EndProject
Project("{9A19103F-16F7-4668-BE54-9A1E7A4F7556}") = "Services", "Services\Services.csproj", "{93091348-3FC7-436B-9AA5-3656650F9250}"
EndProject
Project("{FAE04EC0-301F-11D3-BF4B-00C04F79EFBC}") = "Tests", "Tests\Tests.csproj", "{06A7089D-FB9D-41A2-B5AA-8259EF8E8C91}"
EndProject
Global
	GlobalSection(SolutionConfigurationPlatforms) = preSolution
		Debug|Any CPU = Debug|Any CPU
		Release|Any CPU = Release|Any CPU
	EndGlobalSection
	GlobalSection(ProjectConfigurationPlatforms) = postSolution
		{8DB7F7FC-B546-48F6-AA69-867A683CE8EC}.Debug|Any CPU.ActiveCfg = Debug|Any CPU
		{8DB7F7FC-B546-48F6-AA69-867A683CE8EC}.Debug|Any CPU.Build.0 = Debug|Any CPU
		{8DB7F7FC-B546-48F6-AA69-867A683CE8EC}.Release|Any CPU.ActiveCfg = Release|Any CPU
		{8DB7F7FC-B546-48F6-AA69-867A683CE8EC}.Release|Any CPU.Build.0 = Release|Any CPU
		{1AC58B3F-9C10-4DB7-8525-8088484CE45E}.Debug|Any CPU.ActiveCfg = Debug|Any CPU
		{1AC58B3F-9C10-4DB7-8525-8088484CE45E}.Debug|Any CPU.Build.0 = Debug|Any CPU
		{1AC58B3F-9C10-4DB7-8525-8088484CE45E}.Release|Any CPU.ActiveCfg = Release|Any CPU
		{1AC58B3F-9C10-4DB7-8525-8088484CE45E}.Release|Any CPU.Build.0 = Release|Any CPU
		{0C95EB4B-66A0-41AB-91AA-BC6E8DBA1A1D}.Debug|Any CPU.ActiveCfg = Debug|Any CPU
		{0C95EB4B-66A0-41AB-91AA-BC6E8DBA1A1D}.Debug|Any CPU.Build.0 = Debug|Any CPU
		{0C95EB4B-66A0-41AB-91AA-BC6E8DBA1A1D}.Release|Any CPU.ActiveCfg = Release|Any CPU
		{0C95EB4B-66A0-41AB-91AA-BC6E8DBA1A1D}.Release|Any CPU.Build.0 = Release|Any CPU
		{93091348-3FC7-436B-9AA5-3656650F9250}.Debug|Any CPU.ActiveCfg = Debug|Any CPU
		{93091348-3FC7-436B-9AA5-3656650F9250}.Debug|Any CPU.Build.0 = Debug|Any CPU
		{93091348-3FC7-436B-9AA5-3656650F9250}.Release|Any CPU.ActiveCfg = Release|Any CPU
		{93091348-3FC7-436B-9AA5-3656650F9250}.Release|Any CPU.Build.0 = Release|Any CPU
		{06A7089D-FB9D-41A2-B5AA-8259EF8E8C91}.Debug|Any CPU.ActiveCfg = Debug|Any CPU
		{06A7089D-FB9D-41A2-B5AA-8259EF8E8C91}.Debug|Any CPU.Build.0 = Debug|Any CPU
		{06A7089D-FB9D-41A2-B5AA-8259EF8E8C91}.Release|Any CPU.ActiveCfg = Release|Any CPU
		{06A7089D-FB9D-41A2-B5AA-8259EF8E8C91}.Release|Any CPU.Build.0 = Release|Any CPU
	EndGlobalSection
	GlobalSection(SolutionProperties) = preSolution
		HideSolutionNode = FALSE
	EndGlobalSection
	GlobalSection(ExtensibilityGlobals) = postSolution
		SolutionGuid = {4C55BE8A-AABD-428F-B1C4-44F5446044BF}
	EndGlobalSection
EndGlobal
