
Microsoft Visual Studio Solution File, Format Version 12.00
# Visual Studio 15
VisualStudioVersion = 15.0.27703.2035
MinimumVisualStudioVersion = 10.0.40219.1
Project("{9A19103F-16F7-4668-BE54-9A1E7A4F7556}") = "AspnetCoreSPATemplate", "AspnetCoreSPA\AspnetCoreSPATemplate.csproj", "{8DB7F7FC-B546-48F6-AA69-867A683CE8EC}"
EndProject
Global
	GlobalSection(SolutionConfigurationPlatforms) = preSolution
		Debug|Any CPU = Debug|Any CPU
		Release|Any CPU = Release|Any CPU
	EndGlobalSection
	GlobalSection(ProjectConfigurationPlatforms) = postSolution
		{8DB7F7FC-B546-48F6-AA69-867A683CE8EC}.Debug|Any CPU.ActiveCfg = Debug|Any CPU
		{8DB7F7FC-B546-48F6-AA69-867A683CE8EC}.Debug|Any CPU.Build.0 = Debug|Any CPU
		{8DB7F7FC-B546-48F6-AA69-867A683CE8EC}.Release|Any CPU.ActiveCfg = Release|Any CPU
		{8DB7F7FC-B546-48F6-AA69-867A683CE8EC}.Release|Any CPU.Build.0 = Release|Any CPU
	EndGlobalSection
	GlobalSection(SolutionProperties) = preSolution
		HideSolutionNode = FALSE
	EndGlobalSection
	GlobalSection(ExtensibilityGlobals) = postSolution
		SolutionGuid = {4C55BE8A-AABD-428F-B1C4-44F5446044BF}
	EndGlobalSection
EndGlobal
